
Microsoft Visual Studio Solution File, Format Version 12.00
# Visual Studio Version 17
VisualStudioVersion = 17.9.34902.65
MinimumVisualStudioVersion = 10.0.40219.1
Project("{FAE04EC0-301F-11D3-BF4B-00C04F79EFBC}") = "Semana13C24B", "Semana13C24B\Semana13C24B.csproj", "{A613DBA3-B02C-4F9F-BBF1-57465DF1D6C1}"
EndProject
Global
	GlobalSection(SolutionConfigurationPlatforms) = preSolution
		Debug|Any CPU = Debug|Any CPU
		Release|Any CPU = Release|Any CPU
	EndGlobalSection
	GlobalSection(ProjectConfigurationPlatforms) = postSolution
		{A613DBA3-B02C-4F9F-BBF1-57465DF1D6C1}.Debug|Any CPU.ActiveCfg = Debug|Any CPU
		{A613DBA3-B02C-4F9F-BBF1-57465DF1D6C1}.Debug|Any CPU.Build.0 = Debug|Any CPU
		{A613DBA3-B02C-4F9F-BBF1-57465DF1D6C1}.Release|Any CPU.ActiveCfg = Release|Any CPU
		{A613DBA3-B02C-4F9F-BBF1-57465DF1D6C1}.Release|Any CPU.Build.0 = Release|Any CPU
	EndGlobalSection
	GlobalSection(SolutionProperties) = preSolution
		HideSolutionNode = FALSE
	EndGlobalSection
	GlobalSection(ExtensibilityGlobals) = postSolution
		SolutionGuid = {4AA74E1E-CF02-425A-9CE1-A92FD0D8AA10}
	EndGlobalSection
EndGlobal
